<?xml version="1.0" encoding="utf-8"?>
<Project ToolsVersion="4.0" xmlns="http://schemas.microsoft.com/developer/msbuild/2003">
  <ItemGroup>
    <Filter Include="Source Files">
      <UniqueIdentifier>{4FC737F1-C7A5-4376-A066-2A32D752A2FF}</UniqueIdentifier>
      <Extensions>cpp;c;cc;cxx;def;odl;idl;hpj;bat;asm;asmx</Extensions>
    </Filter>
    <Filter Include="Header Files">
      <UniqueIdentifier>{93995380-89BD-4b04-88EB-625FBE52EBFB}</UniqueIdentifier>
      <Extensions>h;hh;hpp;hxx;hm;inl;inc;xsd</Extensions>
    </Filter>
    <Filter Include="Resource Files">
      <UniqueIdentifier>{67DA6AB6-F800-4c08-8B7A-83BB121AAD01}</UniqueIdentifier>
      <Extensions>rc;ico;cur;bmp;dlg;rc2;rct;bin;rgs;gif;jpg;jpeg;jpe;resx;tiff;tif;png;wav;mfcribbon-ms</Extensions>
    </Filter>
    <Filter Include="Header Files\Jpeg">
      <UniqueIdentifier>{a7a800fc-848f-4ab2-9637-0ff54d0807ba}</UniqueIdentifier>
    </Filter>
    <Filter Include="Header Files\Collision">
      <UniqueIdentifier>{2364d831-df96-4980-b0d0-a48f1dca13fc}</UniqueIdentifier>
    </Filter>
    <Filter Include="Source Files\Collision">
      <UniqueIdentifier>{bc7f9ef7-7fc5-4e74-9af5-cafdfc7b6428}</UniqueIdentifier>
    </Filter>
    <Filter Include="Source Files\Jpeg">
      <UniqueIdentifier>{3c077a9c-b1ab-4630-be87-cc1b818abad3}</UniqueIdentifier>
    </Filter>
    <Filter Include="Header Files\Simkin">
      <UniqueIdentifier>{7b3d8a54-e991-4a09-887b-63284b3f1080}</UniqueIdentifier>
    </Filter>
    <Filter Include="Source Files\Simkin">
      <UniqueIdentifier>{098c3016-3929-4e1c-b0db-b24da04cc939}</UniqueIdentifier>
    </Filter>
    <Filter Include="Header Files\Expat">
      <UniqueIdentifier>{ea7ac0cb-975c-41ed-b63d-bd44f1947d29}</UniqueIdentifier>
    </Filter>
    <Filter Include="Source Files\Expat">
      <UniqueIdentifier>{b049ddbf-bf44-45a0-84e1-915f1567ba30}</UniqueIdentifier>
    </Filter>
    <Filter Include="Header Files\LibPNG">
      <UniqueIdentifier>{21c54ac7-3369-4590-a762-7f0c9d2a1ac7}</UniqueIdentifier>
    </Filter>
    <Filter Include="Source Files\LibPNG">
      <UniqueIdentifier>{5738980d-5e42-4883-a1c0-60ca2cb571d4}</UniqueIdentifier>
    </Filter>
    <Filter Include="Source Files\Unzip">
      <UniqueIdentifier>{b0c6999a-2653-400e-9d9a-a4a032767feb}</UniqueIdentifier>
    </Filter>
    <Filter Include="Header Files\Unzip">
      <UniqueIdentifier>{7f9334ca-e3b3-4718-bf8d-eaf73edd45a7}</UniqueIdentifier>
    </Filter>
    <Filter Include="Header Files\zlib">
      <UniqueIdentifier>{afd81aac-a45e-42b6-918b-b903bf5e26ea}</UniqueIdentifier>
    </Filter>
    <Filter Include="Source Files\zlib">
      <UniqueIdentifier>{11640244-79bc-40d2-b2db-80a92919dc1c}</UniqueIdentifier>
    </Filter>
  </ItemGroup>
  <ItemGroup>
    <Text Include="ReadMe.txt" />
  </ItemGroup>
  <ItemGroup>
    <ClInclude Include="stdafx.h">
      <Filter>Header Files</Filter>
    </ClInclude>
    <ClInclude Include="targetver.h">
      <Filter>Header Files</Filter>
    </ClInclude>
    <ClInclude Include="Resource.h">
      <Filter>Header Files</Filter>
    </ClInclude>
    <ClInclude Include="Classes.h">
      <Filter>Header Files</Filter>
    </ClInclude>
    <ClInclude Include="Fileio.h">
      <Filter>Header Files</Filter>
    </ClInclude>
    <ClInclude Include="Image.h">
      <Filter>Header Files</Filter>
    </ClInclude>
    <ClInclude Include="Light.h">
      <Filter>Header Files</Filter>
    </ClInclude>
    <ClInclude Include="Main.h">
      <Filter>Header Files</Filter>
    </ClInclude>
    <ClInclude Include="Memory.h">
      <Filter>Header Files</Filter>
    </ClInclude>
    <ClInclude Include="Parser.h">
      <Filter>Header Files</Filter>
    </ClInclude>
    <ClInclude Include="Platform.h">
      <Filter>Header Files</Filter>
    </ClInclude>
    <ClInclude Include="Render.h">
      <Filter>Header Files</Filter>
    </ClInclude>
    <ClInclude Include="Spans.h">
      <Filter>Header Files</Filter>
    </ClInclude>
    <ClInclude Include="Tags.h">
      <Filter>Header Files</Filter>
    </ClInclude>
    <ClInclude Include="Tokens.h">
      <Filter>Header Files</Filter>
    </ClInclude>
    <ClInclude Include="Utils.h">
      <Filter>Header Files</Filter>
    </ClInclude>
    <ClInclude Include="Collision\Col.h">
      <Filter>Header Files\Collision</Filter>
    </ClInclude>
    <ClInclude Include="Collision\Collision.h">
      <Filter>Header Files\Collision</Filter>
    </ClInclude>
    <ClInclude Include="Collision\Mat.h">
      <Filter>Header Files\Collision</Filter>
    </ClInclude>
    <ClInclude Include="Collision\Maths.h">
      <Filter>Header Files\Collision</Filter>
    </ClInclude>
    <ClInclude Include="Collision\Vec.h">
      <Filter>Header Files\Collision</Filter>
    </ClInclude>
    <ClInclude Include="Jpeg\JCHUFF.H">
      <Filter>Header Files\Jpeg</Filter>
    </ClInclude>
    <ClInclude Include="Jpeg\jconfig.h">
      <Filter>Header Files\Jpeg</Filter>
    </ClInclude>
    <ClInclude Include="Jpeg\JDCT.H">
      <Filter>Header Files\Jpeg</Filter>
    </ClInclude>
    <ClInclude Include="Jpeg\JDHUFF.H">
      <Filter>Header Files\Jpeg</Filter>
    </ClInclude>
    <ClInclude Include="Jpeg\JERROR.H">
      <Filter>Header Files\Jpeg</Filter>
    </ClInclude>
    <ClInclude Include="Jpeg\JINCLUDE.H">
      <Filter>Header Files\Jpeg</Filter>
    </ClInclude>
    <ClInclude Include="Jpeg\JMEMSYS.H">
      <Filter>Header Files\Jpeg</Filter>
    </ClInclude>
    <ClInclude Include="Jpeg\JMORECFG.H">
      <Filter>Header Files\Jpeg</Filter>
    </ClInclude>
    <ClInclude Include="Jpeg\JPEGINT.H">
      <Filter>Header Files\Jpeg</Filter>
    </ClInclude>
    <ClInclude Include="Jpeg\JPEGLIB.H">
      <Filter>Header Files\Jpeg</Filter>
    </ClInclude>
    <ClInclude Include="Jpeg\JVERSION.H">
      <Filter>Header Files\Jpeg</Filter>
    </ClInclude>
    <ClInclude Include="Plugin.h">
      <Filter>Header Files</Filter>
    </ClInclude>
    <ClInclude Include="SimKin.h">
      <Filter>Header Files</Filter>
    </ClInclude>
    <ClInclude Include="Simkin\skAlist.h">
      <Filter>Header Files\Simkin</Filter>
    </ClInclude>
    <ClInclude Include="Simkin\skAttribute.h">
      <Filter>Header Files\Simkin</Filter>
    </ClInclude>
    <ClInclude Include="Simkin\skBoundsException.h">
      <Filter>Header Files\Simkin</Filter>
    </ClInclude>
    <ClInclude Include="Simkin\skCDataNode.h">
      <Filter>Header Files\Simkin</Filter>
    </ClInclude>
    <ClInclude Include="Simkin\skElement.h">
      <Filter>Header Files\Simkin</Filter>
    </ClInclude>
    <ClInclude Include="Simkin\skElementExecutable.h">
      <Filter>Header Files\Simkin</Filter>
    </ClInclude>
    <ClInclude Include="Simkin\skElementObject.h">
      <Filter>Header Files\Simkin</Filter>
    </ClInclude>
    <ClInclude Include="Simkin\skElementObjectEnumerator.h">
      <Filter>Header Files\Simkin</Filter>
    </ClInclude>
    <ClInclude Include="Simkin\skExecutable.h">
      <Filter>Header Files\Simkin</Filter>
    </ClInclude>
    <ClInclude Include="Simkin\skExecutableIterator.h">
      <Filter>Header Files\Simkin</Filter>
    </ClInclude>
    <ClInclude Include="Simkin\skExpatParser.h">
      <Filter>Header Files\Simkin</Filter>
    </ClInclude>
    <ClInclude Include="Simkin\skGeneral.h">
      <Filter>Header Files\Simkin</Filter>
    </ClInclude>
    <ClInclude Include="Simkin\skHashTable.h">
      <Filter>Header Files\Simkin</Filter>
    </ClInclude>
    <ClInclude Include="Simkin\skiExecutable.h">
      <Filter>Header Files\Simkin</Filter>
    </ClInclude>
    <ClInclude Include="Simkin\skInterpreter.h">
      <Filter>Header Files\Simkin</Filter>
    </ClInclude>
    <ClInclude Include="Simkin\skMethodTable.h">
      <Filter>Header Files\Simkin</Filter>
    </ClInclude>
    <ClInclude Include="Simkin\skNode.h">
      <Filter>Header Files\Simkin</Filter>
    </ClInclude>
    <ClInclude Include="Simkin\skNull.h">
      <Filter>Header Files\Simkin</Filter>
    </ClInclude>
    <ClInclude Include="Simkin\skosfcn.h">
      <Filter>Header Files\Simkin</Filter>
    </ClInclude>
    <ClInclude Include="Simkin\skParseException.h">
      <Filter>Header Files\Simkin</Filter>
    </ClInclude>
    <ClInclude Include="Simkin\skParseNode.h">
      <Filter>Header Files\Simkin</Filter>
    </ClInclude>
    <ClInclude Include="Simkin\skParser.h">
      <Filter>Header Files\Simkin</Filter>
    </ClInclude>
    <ClInclude Include="Simkin\skRuntimeException.h">
      <Filter>Header Files\Simkin</Filter>
    </ClInclude>
    <ClInclude Include="Simkin\skRValue.h">
      <Filter>Header Files\Simkin</Filter>
    </ClInclude>
    <ClInclude Include="Simkin\skRValueArray.h">
      <Filter>Header Files\Simkin</Filter>
    </ClInclude>
    <ClInclude Include="Simkin\skRValueTable.h">
      <Filter>Header Files\Simkin</Filter>
    </ClInclude>
    <ClInclude Include="Simkin\skStatementStepper.h">
      <Filter>Header Files\Simkin</Filter>
    </ClInclude>
    <ClInclude Include="Simkin\skString.h">
      <Filter>Header Files\Simkin</Filter>
    </ClInclude>
    <ClInclude Include="Simkin\skStringBuffer.h">
      <Filter>Header Files\Simkin</Filter>
    </ClInclude>
    <ClInclude Include="Simkin\skStringList.h">
      <Filter>Header Files\Simkin</Filter>
    </ClInclude>
    <ClInclude Include="Simkin\skStringTokenizer.h">
      <Filter>Header Files\Simkin</Filter>
    </ClInclude>
    <ClInclude Include="Simkin\skTextNode.h">
      <Filter>Header Files\Simkin</Filter>
    </ClInclude>
    <ClInclude Include="Simkin\skTraceCallback.h">
      <Filter>Header Files\Simkin</Filter>
    </ClInclude>
    <ClInclude Include="Simkin\skTracer.h">
      <Filter>Header Files\Simkin</Filter>
    </ClInclude>
    <ClInclude Include="Simkin\skValist.h">
      <Filter>Header Files\Simkin</Filter>
    </ClInclude>
    <ClInclude Include="Expat\ascii.h">
      <Filter>Header Files\Expat</Filter>
    </ClInclude>
    <ClInclude Include="Expat\asciitab.h">
      <Filter>Header Files\Expat</Filter>
    </ClInclude>
    <ClInclude Include="Expat\expat.h">
      <Filter>Header Files\Expat</Filter>
    </ClInclude>
    <ClInclude Include="Expat\expat_external.h">
      <Filter>Header Files\Expat</Filter>
    </ClInclude>
    <ClInclude Include="Expat\iasciitab.h">
      <Filter>Header Files\Expat</Filter>
    </ClInclude>
    <ClInclude Include="Expat\internal.h">
      <Filter>Header Files\Expat</Filter>
    </ClInclude>
    <ClInclude Include="Expat\latin1tab.h">
      <Filter>Header Files\Expat</Filter>
    </ClInclude>
    <ClInclude Include="Expat\nametab.h">
      <Filter>Header Files\Expat</Filter>
    </ClInclude>
    <ClInclude Include="Expat\siphash.h">
      <Filter>Header Files\Expat</Filter>
    </ClInclude>
    <ClInclude Include="Expat\utf8tab.h">
      <Filter>Header Files\Expat</Filter>
    </ClInclude>
    <ClInclude Include="Expat\winconfig.h">
      <Filter>Header Files\Expat</Filter>
    </ClInclude>
    <ClInclude Include="Expat\xmlrole.h">
      <Filter>Header Files\Expat</Filter>
    </ClInclude>
    <ClInclude Include="Expat\xmltok.h">
      <Filter>Header Files\Expat</Filter>
    </ClInclude>
    <ClInclude Include="Expat\xmltok_impl.h">
      <Filter>Header Files\Expat</Filter>
    </ClInclude>
    <ClInclude Include="Simkin\skException.h">
      <Filter>Header Files\Simkin</Filter>
    </ClInclude>
    <ClInclude Include="Simkin\skExecutableContext.h">
      <Filter>Header Files\Simkin</Filter>
    </ClInclude>
    <ClInclude Include="Simkin\skInputSource.h">
      <Filter>Header Files\Simkin</Filter>
    </ClInclude>
    <ClInclude Include="Simkin\skOutputDestination.h">
      <Filter>Header Files\Simkin</Filter>
    </ClInclude>
    <ClInclude Include="Simkin\skXMLParseException.h">
      <Filter>Header Files\Simkin</Filter>
    </ClInclude>
    <ClInclude Include="Simkin\skConstants.h">
      <Filter>Header Files\Simkin</Filter>
    </ClInclude>
    <ClInclude Include="Simkin\skStackFrame.h">
      <Filter>Header Files\Simkin</Filter>
    </ClInclude>
    <ClInclude Include="LibPNG\png.h">
      <Filter>Header Files\LibPNG</Filter>
    </ClInclude>
    <ClInclude Include="LibPNG\pngconf.h">
      <Filter>Header Files\LibPNG</Filter>
    </ClInclude>
    <ClInclude Include="LibPNG\pngdebug.h">
      <Filter>Header Files\LibPNG</Filter>
    </ClInclude>
    <ClInclude Include="LibPNG\pnginfo.h">
      <Filter>Header Files\LibPNG</Filter>
    </ClInclude>
    <ClInclude Include="LibPNG\pngpriv.h">
      <Filter>Header Files\LibPNG</Filter>
    </ClInclude>
    <ClInclude Include="LibPNG\pngstruct.h">
      <Filter>Header Files\LibPNG</Filter>
    </ClInclude>
    <ClInclude Include="LibPNG\pnglibconf.h">
      <Filter>Header Files\LibPNG</Filter>
    </ClInclude>
    <ClInclude Include="Unzip\crypt.h">
      <Filter>Header Files\Unzip</Filter>
    </ClInclude>
    <ClInclude Include="Unzip\ioapi.h">
      <Filter>Header Files\Unzip</Filter>
    </ClInclude>
    <ClInclude Include="Unzip\unzip.h">
      <Filter>Header Files\Unzip</Filter>
    </ClInclude>
    <ClInclude Include="Unzip\zip.h">
      <Filter>Header Files\Unzip</Filter>
    </ClInclude>
    <ClInclude Include="zlib\crc32.h">
      <Filter>Header Files\zlib</Filter>
    </ClInclude>
    <ClInclude Include="zlib\deflate.h">
      <Filter>Header Files\zlib</Filter>
    </ClInclude>
    <ClInclude Include="zlib\gzguts.h">
      <Filter>Header Files\zlib</Filter>
    </ClInclude>
    <ClInclude Include="zlib\inffast.h">
      <Filter>Header Files\zlib</Filter>
    </ClInclude>
    <ClInclude Include="zlib\inffixed.h">
      <Filter>Header Files\zlib</Filter>
    </ClInclude>
    <ClInclude Include="zlib\inflate.h">
      <Filter>Header Files\zlib</Filter>
    </ClInclude>
    <ClInclude Include="zlib\inftrees.h">
      <Filter>Header Files\zlib</Filter>
    </ClInclude>
    <ClInclude Include="zlib\trees.h">
      <Filter>Header Files\zlib</Filter>
    </ClInclude>
    <ClInclude Include="zlib\zconf.h">
      <Filter>Header Files\zlib</Filter>
    </ClInclude>
    <ClInclude Include="zlib\zlib.h">
      <Filter>Header Files\zlib</Filter>
    </ClInclude>
    <ClInclude Include="zlib\zutil.h">
      <Filter>Header Files\zlib</Filter>
    </ClInclude>
  </ItemGroup>
  <ItemGroup>
    <ClCompile Include="stdafx.cpp">
      <Filter>Source Files</Filter>
    </ClCompile>
    <ClCompile Include="Flatland Standalone.cpp">
      <Filter>Source Files</Filter>
    </ClCompile>
    <ClCompile Include="Classes.cpp">
      <Filter>Source Files</Filter>
    </ClCompile>
    <ClCompile Include="Fileio.cpp">
      <Filter>Source Files</Filter>
    </ClCompile>
    <ClCompile Include="Image.cpp">
      <Filter>Source Files</Filter>
    </ClCompile>
    <ClCompile Include="Light.cpp">
      <Filter>Source Files</Filter>
    </ClCompile>
    <ClCompile Include="Main.cpp">
      <Filter>Source Files</Filter>
    </ClCompile>
    <ClCompile Include="Memory.cpp">
      <Filter>Source Files</Filter>
    </ClCompile>
    <ClCompile Include="Parser.cpp">
      <Filter>Source Files</Filter>
    </ClCompile>
    <ClCompile Include="Render.cpp">
      <Filter>Source Files</Filter>
    </ClCompile>
    <ClCompile Include="Spans.cpp">
      <Filter>Source Files</Filter>
    </ClCompile>
    <ClCompile Include="Utils.cpp">
      <Filter>Source Files</Filter>
    </ClCompile>
    <ClCompile Include="Win32.cpp">
      <Filter>Source Files</Filter>
    </ClCompile>
    <ClCompile Include="Collision\Col.cpp">
      <Filter>Source Files\Collision</Filter>
    </ClCompile>
    <ClCompile Include="Collision\Collision.cpp">
      <Filter>Source Files\Collision</Filter>
    </ClCompile>
    <ClCompile Include="Collision\Mat.cpp">
      <Filter>Source Files\Collision</Filter>
    </ClCompile>
    <ClCompile Include="Collision\Maths.cpp">
      <Filter>Source Files\Collision</Filter>
    </ClCompile>
    <ClCompile Include="Collision\Vec.cpp">
      <Filter>Source Files\Collision</Filter>
    </ClCompile>
    <ClCompile Include="Jpeg\JCAPIMIN.C">
      <Filter>Source Files\Jpeg</Filter>
    </ClCompile>
    <ClCompile Include="Jpeg\JCAPISTD.C">
      <Filter>Source Files\Jpeg</Filter>
    </ClCompile>
    <ClCompile Include="Jpeg\JCCOEFCT.C">
      <Filter>Source Files\Jpeg</Filter>
    </ClCompile>
    <ClCompile Include="Jpeg\JCCOLOR.C">
      <Filter>Source Files\Jpeg</Filter>
    </ClCompile>
    <ClCompile Include="Jpeg\JCDCTMGR.C">
      <Filter>Source Files\Jpeg</Filter>
    </ClCompile>
    <ClCompile Include="Jpeg\JCHUFF.C">
      <Filter>Source Files\Jpeg</Filter>
    </ClCompile>
    <ClCompile Include="Jpeg\JCINIT.C">
      <Filter>Source Files\Jpeg</Filter>
    </ClCompile>
    <ClCompile Include="Jpeg\JCMAINCT.C">
      <Filter>Source Files\Jpeg</Filter>
    </ClCompile>
    <ClCompile Include="Jpeg\JCMARKER.C">
      <Filter>Source Files\Jpeg</Filter>
    </ClCompile>
    <ClCompile Include="Jpeg\JCMASTER.C">
      <Filter>Source Files\Jpeg</Filter>
    </ClCompile>
    <ClCompile Include="Jpeg\JCOMAPI.C">
      <Filter>Source Files\Jpeg</Filter>
    </ClCompile>
    <ClCompile Include="Jpeg\JCPARAM.C">
      <Filter>Source Files\Jpeg</Filter>
    </ClCompile>
    <ClCompile Include="Jpeg\JCPHUFF.C">
      <Filter>Source Files\Jpeg</Filter>
    </ClCompile>
    <ClCompile Include="Jpeg\JCPREPCT.C">
      <Filter>Source Files\Jpeg</Filter>
    </ClCompile>
    <ClCompile Include="Jpeg\JCSAMPLE.C">
      <Filter>Source Files\Jpeg</Filter>
    </ClCompile>
    <ClCompile Include="Jpeg\JCTRANS.C">
      <Filter>Source Files\Jpeg</Filter>
    </ClCompile>
    <ClCompile Include="Jpeg\JDAPIMIN.C">
      <Filter>Source Files\Jpeg</Filter>
    </ClCompile>
    <ClCompile Include="Jpeg\JDAPISTD.C">
      <Filter>Source Files\Jpeg</Filter>
    </ClCompile>
    <ClCompile Include="Jpeg\JDATADST.C">
      <Filter>Source Files\Jpeg</Filter>
    </ClCompile>
    <ClCompile Include="Jpeg\JDATASRC.C">
      <Filter>Source Files\Jpeg</Filter>
    </ClCompile>
    <ClCompile Include="Jpeg\JDCOEFCT.C">
      <Filter>Source Files\Jpeg</Filter>
    </ClCompile>
    <ClCompile Include="Jpeg\JDCOLOR.C">
      <Filter>Source Files\Jpeg</Filter>
    </ClCompile>
    <ClCompile Include="Jpeg\JDDCTMGR.C">
      <Filter>Source Files\Jpeg</Filter>
    </ClCompile>
    <ClCompile Include="Jpeg\JDHUFF.C">
      <Filter>Source Files\Jpeg</Filter>
    </ClCompile>
    <ClCompile Include="Jpeg\JDINPUT.C">
      <Filter>Source Files\Jpeg</Filter>
    </ClCompile>
    <ClCompile Include="Jpeg\JDMAINCT.C">
      <Filter>Source Files\Jpeg</Filter>
    </ClCompile>
    <ClCompile Include="Jpeg\JDMARKER.C">
      <Filter>Source Files\Jpeg</Filter>
    </ClCompile>
    <ClCompile Include="Jpeg\JDMASTER.C">
      <Filter>Source Files\Jpeg</Filter>
    </ClCompile>
    <ClCompile Include="Jpeg\JDMERGE.C">
      <Filter>Source Files\Jpeg</Filter>
    </ClCompile>
    <ClCompile Include="Jpeg\JDPHUFF.C">
      <Filter>Source Files\Jpeg</Filter>
    </ClCompile>
    <ClCompile Include="Jpeg\JDPOSTCT.C">
      <Filter>Source Files\Jpeg</Filter>
    </ClCompile>
    <ClCompile Include="Jpeg\JDSAMPLE.C">
      <Filter>Source Files\Jpeg</Filter>
    </ClCompile>
    <ClCompile Include="Jpeg\JDTRANS.C">
      <Filter>Source Files\Jpeg</Filter>
    </ClCompile>
    <ClCompile Include="Jpeg\JERROR.C">
      <Filter>Source Files\Jpeg</Filter>
    </ClCompile>
    <ClCompile Include="Jpeg\JFDCTFLT.C">
      <Filter>Source Files\Jpeg</Filter>
    </ClCompile>
    <ClCompile Include="Jpeg\JFDCTFST.C">
      <Filter>Source Files\Jpeg</Filter>
    </ClCompile>
    <ClCompile Include="Jpeg\JFDCTINT.C">
      <Filter>Source Files\Jpeg</Filter>
    </ClCompile>
    <ClCompile Include="Jpeg\JIDCTFLT.C">
      <Filter>Source Files\Jpeg</Filter>
    </ClCompile>
    <ClCompile Include="Jpeg\JIDCTFST.C">
      <Filter>Source Files\Jpeg</Filter>
    </ClCompile>
    <ClCompile Include="Jpeg\JIDCTINT.C">
      <Filter>Source Files\Jpeg</Filter>
    </ClCompile>
    <ClCompile Include="Jpeg\JIDCTRED.C">
      <Filter>Source Files\Jpeg</Filter>
    </ClCompile>
    <ClCompile Include="Jpeg\JMEMMGR.C">
      <Filter>Source Files\Jpeg</Filter>
    </ClCompile>
    <ClCompile Include="Jpeg\JMEMNOBS.C">
      <Filter>Source Files\Jpeg</Filter>
    </ClCompile>
    <ClCompile Include="Jpeg\JQUANT1.C">
      <Filter>Source Files\Jpeg</Filter>
    </ClCompile>
    <ClCompile Include="Jpeg\JQUANT2.C">
      <Filter>Source Files\Jpeg</Filter>
    </ClCompile>
    <ClCompile Include="Jpeg\JUTILS.C">
      <Filter>Source Files\Jpeg</Filter>
    </ClCompile>
    <ClCompile Include="Plugin.cpp">
      <Filter>Source Files</Filter>
    </ClCompile>
    <ClCompile Include="SimKin.cpp">
      <Filter>Source Files</Filter>
    </ClCompile>
    <ClCompile Include="Simkin\skAlist.cpp">
      <Filter>Source Files\Simkin</Filter>
    </ClCompile>
    <ClCompile Include="Simkin\skCDataNode.cpp">
      <Filter>Source Files\Simkin</Filter>
    </ClCompile>
    <ClCompile Include="Simkin\skElement.cpp">
      <Filter>Source Files\Simkin</Filter>
    </ClCompile>
    <ClCompile Include="Simkin\skElementExecutable.cpp">
      <Filter>Source Files\Simkin</Filter>
    </ClCompile>
    <ClCompile Include="Simkin\skElementObject.cpp">
      <Filter>Source Files\Simkin</Filter>
    </ClCompile>
    <ClCompile Include="Simkin\skElementObjectEnumerator.cpp">
      <Filter>Source Files\Simkin</Filter>
    </ClCompile>
    <ClCompile Include="Simkin\skExecutable.cpp">
      <Filter>Source Files\Simkin</Filter>
    </ClCompile>
    <ClCompile Include="Simkin\skExecutableIterator.cpp">
      <Filter>Source Files\Simkin</Filter>
    </ClCompile>
    <ClCompile Include="Simkin\skExpatParser.cpp">
      <Filter>Source Files\Simkin</Filter>
    </ClCompile>
    <ClCompile Include="Simkin\skHashTable.cpp">
      <Filter>Source Files\Simkin</Filter>
    </ClCompile>
    <ClCompile Include="Simkin\skInterpreter.cpp">
      <Filter>Source Files\Simkin</Filter>
    </ClCompile>
    <ClCompile Include="Simkin\skNode.cpp">
      <Filter>Source Files\Simkin</Filter>
    </ClCompile>
    <ClCompile Include="Simkin\skParser.cpp">
      <Filter>Source Files\Simkin</Filter>
    </ClCompile>
    <ClCompile Include="Simkin\skRValue.cpp">
      <Filter>Source Files\Simkin</Filter>
    </ClCompile>
    <ClCompile Include="Simkin\skString.cpp">
      <Filter>Source Files\Simkin</Filter>
    </ClCompile>
    <ClCompile Include="Simkin\skStringBuffer.cpp">
      <Filter>Source Files\Simkin</Filter>
    </ClCompile>
    <ClCompile Include="Simkin\skStringTokenizer.cpp">
      <Filter>Source Files\Simkin</Filter>
    </ClCompile>
    <ClCompile Include="Simkin\skTextNode.cpp">
      <Filter>Source Files\Simkin</Filter>
    </ClCompile>
    <ClCompile Include="Simkin\skTracer.cpp">
      <Filter>Source Files\Simkin</Filter>
    </ClCompile>
    <ClCompile Include="Expat\xmlparse.c">
      <Filter>Source Files\Expat</Filter>
    </ClCompile>
    <ClCompile Include="Expat\xmlrole.c">
      <Filter>Source Files\Expat</Filter>
    </ClCompile>
    <ClCompile Include="Expat\xmltok.c">
      <Filter>Source Files\Expat</Filter>
    </ClCompile>
    <ClCompile Include="Expat\xmltok_impl.c">
      <Filter>Source Files\Expat</Filter>
    </ClCompile>
    <ClCompile Include="Expat\xmltok_ns.c">
      <Filter>Source Files\Expat</Filter>
    </ClCompile>
    <ClCompile Include="Simkin\skAttribute.cpp">
      <Filter>Source Files\Simkin</Filter>
    </ClCompile>
    <ClCompile Include="Simkin\skConstants.cpp">
      <Filter>Source Files\Simkin</Filter>
    </ClCompile>
    <ClCompile Include="Simkin\skExecutableContext.cpp">
      <Filter>Source Files\Simkin</Filter>
    </ClCompile>
    <ClCompile Include="Simkin\skInputSource.cpp">
      <Filter>Source Files\Simkin</Filter>
    </ClCompile>
    <ClCompile Include="Simkin\skInterpreterByte.cpp">
      <Filter>Source Files\Simkin</Filter>
    </ClCompile>
    <ClCompile Include="Simkin\skInterpreterNode.cpp">
      <Filter>Source Files\Simkin</Filter>
    </ClCompile>
    <ClCompile Include="Simkin\skOutputDestination.cpp">
      <Filter>Source Files\Simkin</Filter>
    </ClCompile>
    <ClCompile Include="Simkin\skParseNode.cpp">
      <Filter>Source Files\Simkin</Filter>
    </ClCompile>
    <ClCompile Include="Simkin\skSHashTable.cpp">
      <Filter>Source Files\Simkin</Filter>
    </ClCompile>
    <ClCompile Include="Simkin\skStackFrame.cpp">
      <Filter>Source Files\Simkin</Filter>
    </ClCompile>
    <ClCompile Include="LibPNG\png.c">
      <Filter>Source Files\LibPNG</Filter>
    </ClCompile>
    <ClCompile Include="LibPNG\pngerror.c">
      <Filter>Source Files\LibPNG</Filter>
    </ClCompile>
    <ClCompile Include="LibPNG\pngget.c">
      <Filter>Source Files\LibPNG</Filter>
    </ClCompile>
    <ClCompile Include="LibPNG\pngmem.c">
      <Filter>Source Files\LibPNG</Filter>
    </ClCompile>
    <ClCompile Include="LibPNG\pngpread.c">
      <Filter>Source Files\LibPNG</Filter>
    </ClCompile>
    <ClCompile Include="LibPNG\pngread.c">
      <Filter>Source Files\LibPNG</Filter>
    </ClCompile>
    <ClCompile Include="LibPNG\pngrio.c">
      <Filter>Source Files\LibPNG</Filter>
    </ClCompile>
    <ClCompile Include="LibPNG\pngrtran.c">
      <Filter>Source Files\LibPNG</Filter>
    </ClCompile>
    <ClCompile Include="LibPNG\pngrutil.c">
      <Filter>Source Files\LibPNG</Filter>
    </ClCompile>
    <ClCompile Include="LibPNG\pngset.c">
      <Filter>Source Files\LibPNG</Filter>
    </ClCompile>
    <ClCompile Include="LibPNG\pngtrans.c">
      <Filter>Source Files\LibPNG</Filter>
    </ClCompile>
    <ClCompile Include="LibPNG\pngwio.c">
      <Filter>Source Files\LibPNG</Filter>
    </ClCompile>
    <ClCompile Include="LibPNG\pngwrite.c">
      <Filter>Source Files\LibPNG</Filter>
    </ClCompile>
    <ClCompile Include="LibPNG\pngwtran.c">
      <Filter>Source Files\LibPNG</Filter>
    </ClCompile>
    <ClCompile Include="LibPNG\pngwutil.c">
      <Filter>Source Files\LibPNG</Filter>
    </ClCompile>
    <ClCompile Include="Unzip\ioapi.c">
      <Filter>Source Files\Unzip</Filter>
    </ClCompile>
    <ClCompile Include="Unzip\unzip.c">
      <Filter>Source Files\Unzip</Filter>
    </ClCompile>
    <ClCompile Include="Unzip\zip.c">
      <Filter>Source Files\Unzip</Filter>
    </ClCompile>
    <ClCompile Include="zlib\adler32.c">
      <Filter>Source Files\zlib</Filter>
    </ClCompile>
    <ClCompile Include="zlib\compress.c">
      <Filter>Source Files\zlib</Filter>
    </ClCompile>
    <ClCompile Include="zlib\crc32.c">
      <Filter>Source Files\zlib</Filter>
    </ClCompile>
    <ClCompile Include="zlib\deflate.c">
      <Filter>Source Files\zlib</Filter>
    </ClCompile>
    <ClCompile Include="zlib\gzclose.c">
      <Filter>Source Files\zlib</Filter>
    </ClCompile>
    <ClCompile Include="zlib\gzlib.c">
      <Filter>Source Files\zlib</Filter>
    </ClCompile>
    <ClCompile Include="zlib\gzread.c">
      <Filter>Source Files\zlib</Filter>
    </ClCompile>
    <ClCompile Include="zlib\gzwrite.c">
      <Filter>Source Files\zlib</Filter>
    </ClCompile>
    <ClCompile Include="zlib\infback.c">
      <Filter>Source Files\zlib</Filter>
    </ClCompile>
    <ClCompile Include="zlib\inffast.c">
      <Filter>Source Files\zlib</Filter>
    </ClCompile>
    <ClCompile Include="zlib\inflate.c">
      <Filter>Source Files\zlib</Filter>
    </ClCompile>
    <ClCompile Include="zlib\inftrees.c">
      <Filter>Source Files\zlib</Filter>
    </ClCompile>
    <ClCompile Include="zlib\trees.c">
      <Filter>Source Files\zlib</Filter>
    </ClCompile>
    <ClCompile Include="zlib\uncompr.c">
      <Filter>Source Files\zlib</Filter>
    </ClCompile>
    <ClCompile Include="zlib\zutil.c">
      <Filter>Source Files\zlib</Filter>
    </ClCompile>
  </ItemGroup>
  <ItemGroup>
    <ResourceCompile Include="Flatland Standalone.rc">
      <Filter>Resource Files</Filter>
    </ResourceCompile>
  </ItemGroup>
  <ItemGroup>
    <Image Include="small.ico">
      <Filter>Resource Files</Filter>
    </Image>
    <Image Include="Flatland Standalone.ico">
      <Filter>Resource Files</Filter>
    </Image>
    <Image Include="Bitmaps\command0.gif">
      <Filter>Resource Files</Filter>
    </Image>
    <Image Include="Bitmaps\Builder0.gif">
      <Filter>Resource Files</Filter>
    </Image>
    <Image Include="Bitmaps\Builder1.gif">
      <Filter>Resource Files</Filter>
    </Image>
    <Image Include="Bitmaps\command1.gif">
      <Filter>Resource Files</Filter>
    </Image>
    <Image Include="Bitmaps\Directory0.gif">
      <Filter>Resource Files</Filter>
    </Image>
    <Image Include="Bitmaps\Directory1.gif">
      <Filter>Resource Files</Filter>
    </Image>
    <Image Include="Bitmaps\History0.gif">
      <Filter>Resource Files</Filter>
    </Image>
    <Image Include="Bitmaps\History1.gif">
      <Filter>Resource Files</Filter>
    </Image>
    <Image Include="Bitmaps\Light0.gif">
      <Filter>Resource Files</Filter>
    </Image>
    <Image Include="Bitmaps\Light1.gif">
      <Filter>Resource Files</Filter>
    </Image>
    <Image Include="Bitmaps\Logo.gif">
      <Filter>Resource Files</Filter>
    </Image>
    <Image Include="Bitmaps\Options0.gif">
      <Filter>Resource Files</Filter>
    </Image>
    <Image Include="Bitmaps\Options1.gif">
      <Filter>Resource Files</Filter>
    </Image>
    <Image Include="Bitmaps\Right.gif">
      <Filter>Resource Files</Filter>
    </Image>
    <Image Include="Bitmaps\Splash.gif">
      <Filter>Resource Files</Filter>
    </Image>
    <Image Include="Bitmaps\Title_bg.gif">
      <Filter>Resource Files</Filter>
    </Image>
    <Image Include="Bitmaps\Title_end.gif">
      <Filter>Resource Files</Filter>
    </Image>
  </ItemGroup>
  <ItemGroup>
    <None Include="bitmaps\arrow_n.cur">
      <Filter>Resource Files</Filter>
    </None>
    <None Include="bitmaps\arrow_s.cur">
      <Filter>Resource Files</Filter>
    </None>
    <None Include="bitmaps\arrow_e.cur">
      <Filter>Resource Files</Filter>
    </None>
    <None Include="bitmaps\arrow_w.cur">
      <Filter>Resource Files</Filter>
    </None>
    <None Include="bitmaps\arrow_ne.cur">
      <Filter>Resource Files</Filter>
    </None>
    <None Include="bitmaps\arrow_se.cur">
      <Filter>Resource Files</Filter>
    </None>
    <None Include="bitmaps\arrow_sw.cur">
      <Filter>Resource Files</Filter>
    </None>
    <None Include="bitmaps\arrow_nw.cur">
      <Filter>Resource Files</Filter>
    </None>
    <None Include="bitmaps\hand.cur">
      <Filter>Resource Files</Filter>
    </None>
    <None Include="Simkin\skAlist.inl">
      <Filter>Header Files\Simkin</Filter>
    </None>
    <None Include="Simkin\skHashTable.inl">
      <Filter>Header Files\Simkin</Filter>
    </None>
    <None Include="Simkin\skRValue.inl">
      <Filter>Header Files\Simkin</Filter>
    </None>
    <None Include="Simkin\skString.inl">
      <Filter>Header Files\Simkin</Filter>
    </None>
    <None Include="Simkin\skParseNode.inl">
      <Filter>Header Files\Simkin</Filter>
    </None>
    <None Include="Simkin\skKeywords.inl">
      <Filter>Header Files\Simkin</Filter>
    </None>
  </ItemGroup>
</Project>