
Microsoft Visual Studio Solution File, Format Version 12.00
# Visual Studio 14
VisualStudioVersion = 14.0.25123.0
MinimumVisualStudioVersion = 10.0.40219.1
Project("{8BC9CEB8-8B4A-11D0-8D11-00A0C91BC942}") = "Flatland Standalone", "Flatland Standalone\Flatland Standalone.vcxproj", "{17CFF0D6-FDA7-4916-A946-1F6C70F29FCE}"
EndProject
Global
	GlobalSection(SolutionConfigurationPlatforms) = preSolution
		Debug|x64 = Debug|x64
		Debug|x86 = Debug|x86
		Release|x64 = Release|x64
		Release|x86 = Release|x86
	EndGlobalSection
	GlobalSection(ProjectConfigurationPlatforms) = postSolution
		{17CFF0D6-FDA7-4916-A946-1F6C70F29FCE}.Debug|x64.ActiveCfg = Debug|x64
		{17CFF0D6-FDA7-4916-A946-1F6C70F29FCE}.Debug|x64.Build.0 = Debug|x64
		{17CFF0D6-FDA7-4916-A946-1F6C70F29FCE}.Debug|x86.ActiveCfg = Debug|Win32
		{17CFF0D6-FDA7-4916-A946-1F6C70F29FCE}.Debug|x86.Build.0 = Debug|Win32
		{17CFF0D6-FDA7-4916-A946-1F6C70F29FCE}.Release|x64.ActiveCfg = Release|x64
		{17CFF0D6-FDA7-4916-A946-1F6C70F29FCE}.Release|x64.Build.0 = Release|x64
		{17CFF0D6-FDA7-4916-A946-1F6C70F29FCE}.Release|x86.ActiveCfg = Release|Win32
		{17CFF0D6-FDA7-4916-A946-1F6C70F29FCE}.Release|x86.Build.0 = Release|Win32
	EndGlobalSection
	GlobalSection(SolutionProperties) = preSolution
		HideSolutionNode = FALSE
	EndGlobalSection
EndGlobal
